
Microsoft Visual Studio Solution File, Format Version 12.00
# Visual Studio Version 16
VisualStudioVersion = 16.0.30309.148
MinimumVisualStudioVersion = 10.0.40219.1
Project("{8BC9CEB8-8B4A-11D0-8D11-00A0C91BC942}") = "AVLTree", "AVLTree.vcxproj", "{9FB9ED00-4AC4-4F6A-9D72-EB28FB3E8F87}"
EndProject
Global
	GlobalSection(SolutionConfigurationPlatforms) = preSolution
		Debug|x64 = Debug|x64
		Debug|x86 = Debug|x86
		Release|x64 = Release|x64
		Release|x86 = Release|x86
	EndGlobalSection
	GlobalSection(ProjectConfigurationPlatforms) = postSolution
		{9FB9ED00-4AC4-4F6A-9D72-EB28FB3E8F87}.Debug|x64.ActiveCfg = Debug|x64
		{9FB9ED00-4AC4-4F6A-9D72-EB28FB3E8F87}.Debug|x64.Build.0 = Debug|x64
		{9FB9ED00-4AC4-4F6A-9D72-EB28FB3E8F87}.Debug|x86.ActiveCfg = Debug|Win32
		{9FB9ED00-4AC4-4F6A-9D72-EB28FB3E8F87}.Debug|x86.Build.0 = Debug|Win32
		{9FB9ED00-4AC4-4F6A-9D72-EB28FB3E8F87}.Release|x64.ActiveCfg = Release|x64
		{9FB9ED00-4AC4-4F6A-9D72-EB28FB3E8F87}.Release|x64.Build.0 = Release|x64
		{9FB9ED00-4AC4-4F6A-9D72-EB28FB3E8F87}.Release|x86.ActiveCfg = Release|Win32
		{9FB9ED00-4AC4-4F6A-9D72-EB28FB3E8F87}.Release|x86.Build.0 = Release|Win32
	EndGlobalSection
	GlobalSection(SolutionProperties) = preSolution
		HideSolutionNode = FALSE
	EndGlobalSection
	GlobalSection(ExtensibilityGlobals) = postSolution
		SolutionGuid = {518CFEA7-5873-4523-BD81-B403FAE571E4}
	EndGlobalSection
EndGlobal
