
Microsoft Visual Studio Solution File, Format Version 12.00
# Visual Studio Version 16
VisualStudioVersion = 16.0.30309.148
MinimumVisualStudioVersion = 10.0.40219.1
Project("{8BC9CEB8-8B4A-11D0-8D11-00A0C91BC942}") = "Heap", "Heap.vcxproj", "{79A986DE-821F-4A86-B4F7-8E5683013D2B}"
EndProject
Global
	GlobalSection(SolutionConfigurationPlatforms) = preSolution
		Debug|x64 = Debug|x64
		Debug|x86 = Debug|x86
		Release|x64 = Release|x64
		Release|x86 = Release|x86
	EndGlobalSection
	GlobalSection(ProjectConfigurationPlatforms) = postSolution
		{79A986DE-821F-4A86-B4F7-8E5683013D2B}.Debug|x64.ActiveCfg = Debug|x64
		{79A986DE-821F-4A86-B4F7-8E5683013D2B}.Debug|x64.Build.0 = Debug|x64
		{79A986DE-821F-4A86-B4F7-8E5683013D2B}.Debug|x86.ActiveCfg = Debug|Win32
		{79A986DE-821F-4A86-B4F7-8E5683013D2B}.Debug|x86.Build.0 = Debug|Win32
		{79A986DE-821F-4A86-B4F7-8E5683013D2B}.Release|x64.ActiveCfg = Release|x64
		{79A986DE-821F-4A86-B4F7-8E5683013D2B}.Release|x64.Build.0 = Release|x64
		{79A986DE-821F-4A86-B4F7-8E5683013D2B}.Release|x86.ActiveCfg = Release|Win32
		{79A986DE-821F-4A86-B4F7-8E5683013D2B}.Release|x86.Build.0 = Release|Win32
	EndGlobalSection
	GlobalSection(SolutionProperties) = preSolution
		HideSolutionNode = FALSE
	EndGlobalSection
	GlobalSection(ExtensibilityGlobals) = postSolution
		SolutionGuid = {2C50A96F-54A8-4592-A496-2D3C167C1371}
	EndGlobalSection
EndGlobal
